
Microsoft Visual Studio Solution File, Format Version 12.00
# Visual Studio Version 16
VisualStudioVersion = 16.0.30503.244
MinimumVisualStudioVersion = 10.0.40219.1
Project("{FAE04EC0-301F-11D3-BF4B-00C04F79EFBC}") = "LuxaMic", "LuxaMic\LuxaMic.csproj", "{4055BD01-0DA3-401E-B567-E259CF10BDEB}"
EndProject
Global
	GlobalSection(SolutionConfigurationPlatforms) = preSolution
		Debug|Any CPU = Debug|Any CPU
		Release|Any CPU = Release|Any CPU
	EndGlobalSection
	GlobalSection(ProjectConfigurationPlatforms) = postSolution
		{4055BD01-0DA3-401E-B567-E259CF10BDEB}.Debug|Any CPU.ActiveCfg = Debug|Any CPU
		{4055BD01-0DA3-401E-B567-E259CF10BDEB}.Debug|Any CPU.Build.0 = Debug|Any CPU
		{4055BD01-0DA3-401E-B567-E259CF10BDEB}.Release|Any CPU.ActiveCfg = Release|Any CPU
		{4055BD01-0DA3-401E-B567-E259CF10BDEB}.Release|Any CPU.Build.0 = Release|Any CPU
	EndGlobalSection
	GlobalSection(SolutionProperties) = preSolution
		HideSolutionNode = FALSE
	EndGlobalSection
	GlobalSection(ExtensibilityGlobals) = postSolution
		SolutionGuid = {EA915AA3-2D87-434D-939B-B21401B0BADE}
	EndGlobalSection
EndGlobal
